{
  "pins" : [
    {
      "identity" : "fsevents",
      "kind" : "remoteSourceControl",
      "location" : "https://github.com/eonil/FSEvents.git",
      "state" : {
        "revision" : "e6b7cdfa2754454e194a45ee6c2004d0f630fe88",
        "version" : "0.1.7"
      }
    },
    {
      "identity" : "icu-swift",
      "kind" : "remoteSourceControl",
      "location" : "https://github.com/izackp/icu-swift.git",
      "state" : {
        "branch" : "master",
        "revision" : "b41ebb2a8ef5057ef29617207ed9c66330d30177"
      }
    },
    {
      "identity" : "icu4c-swift",
      "kind" : "remoteSourceControl",
      "location" : "https://github.com/izackp/icu4c-swift",
      "state" : {
        "branch" : "master",
        "revision" : "900887dac7d58903d86b622fb080e5b3ee667a16"
      }
    },
    {
      "identity" : "sdl",
      "kind" : "remoteSourceControl",
      "location" : "https://github.com/izackp/SDL.git",
      "state" : {
        "branch" : "master",
        "revision" : "a2be4ed847135002a80838bf8b3f9b15cd551a21"
      }
    },
    {
      "identity" : "xorswift",
      "kind" : "remoteSourceControl",
      "location" : "https://github.com/t-ae/xorswift",
      "state" : {
        "revision" : "ae782f1b70044e05cbd760303db7fa0cdf485ea2",
        "version" : "3.2.0"
      }
    }
  ],
  "version" : 2
}