{
  "pins" : [
    {
      "identity" : "eonilfsevents",
      "kind" : "remoteSourceControl",
      "location" : "https://github.com/izackp/EonilFSEvents.git",
      "state" : {
        "revision" : "e6b7cdfa2754454e194a45ee6c2004d0f630fe88",
        "version" : "0.1.7"
      }
    },
    {
      "identity" : "icu-swift",
      "kind" : "remoteSourceControl",
      "location" : "https://github.com/izackp/icu-swift.git",
      "state" : {
        "branch" : "master",
        "revision" : "ad0ed4bca837a3c9d9f4c14ae809813e3e165921"
      }
    },
    {
      "identity" : "icu4c-swift",
      "kind" : "remoteSourceControl",
      "location" : "https://github.com/izackp/icu4c-swift",
      "state" : {
        "branch" : "master",
        "revision" : "243246c0eddcbde61f4b55e53ce28fe4c4b8adc0"
      }
    },
    {
      "identity" : "sdl2-swift",
      "kind" : "remoteSourceControl",
      "location" : "https://github.com/izackp/SDL2-Swift.git",
      "state" : {
        "branch" : "master",
        "revision" : "2976923c1b599ae2a08c48d28bed8204900e8d9d"
      }
    },
    {
      "identity" : "xorswift",
      "kind" : "remoteSourceControl",
      "location" : "https://github.com/t-ae/xorswift",
      "state" : {
        "revision" : "ae782f1b70044e05cbd760303db7fa0cdf485ea2",
        "version" : "3.2.0"
      }
    },
    {
      "identity" : "zstd",
      "kind" : "remoteSourceControl",
      "location" : "https://github.com/facebook/zstd",
      "state" : {
        "revision" : "f8745da6ff1ad1e7bab384bd1f9d742439278e99",
        "version" : "1.5.7"
      }
    }
  ],
  "version" : 2
}
